
Microsoft Visual Studio Solution File, Format Version 12.00
Project("{FAE04EC0-301F-11D3-BF4B-00C04F79EFBC}") = "MedApp.API", "MedApp.API\MedApp.API.csproj", "{FDA9B3A7-D94F-4F9E-ABA2-85F81D1A9BEB}"
EndProject
Project("{2150E333-8FDC-42A3-9474-1A3956D46DE8}") = "src", "src", "{B3810A18-A009-4874-BB0C-D2BFCF6A918C}"
EndProject
Project("{2150E333-8FDC-42A3-9474-1A3956D46DE8}") = "tests", "tests", "{F1CDF6D8-5625-44B5-A292-41B8BD071BB1}"
EndProject
Project("{FAE04EC0-301F-11D3-BF4B-00C04F79EFBC}") = "MedApp.Domain", "MedApp.Domain\MedApp.Domain.csproj", "{E2472769-B74C-4E36-AB3A-5963C0862C3A}"
EndProject
Project("{FAE04EC0-301F-11D3-BF4B-00C04F79EFBC}") = "MedApp.Application", "MedApp.Application\MedApp.Application.csproj", "{AE721002-3409-4C49-8442-F8076F51C1F3}"
EndProject
Project("{FAE04EC0-301F-11D3-BF4B-00C04F79EFBC}") = "MedApp.Infrastructure", "MedApp.Infrastructure\MedApp.Infrastructure.csproj", "{483E32DF-C309-4E22-AC42-7B0B68001781}"
EndProject
Project("{FAE04EC0-301F-11D3-BF4B-00C04F79EFBC}") = "UnitTests", "UnitTests\UnitTests.csproj", "{61394B79-209A-4EFC-ABFD-F7B2100F404A}"
EndProject
Project("{FAE04EC0-301F-11D3-BF4B-00C04F79EFBC}") = "IntegrationTests", "IntegrationTests\IntegrationTests.csproj", "{FC45D25B-B2D0-48E8-9784-AD9746C614A2}"
EndProject
Project("{FAE04EC0-301F-11D3-BF4B-00C04F79EFBC}") = "E2ETests", "E2ETests\E2ETests.csproj", "{08FE9B45-3E16-4964-88B9-035BD72A6C8D}"
EndProject
Project("{FAE04EC0-301F-11D3-BF4B-00C04F79EFBC}") = "MedApp.Contracts", "MedApp.Contracts\MedApp.Contracts.csproj", "{0F062BCB-C8C3-4CF3-B1EE-6484AE6399C6}"
EndProject
Project("{FAE04EC0-301F-11D3-BF4B-00C04F79EFBC}") = "Client", "Client\Client.csproj", "{C120E6FE-5077-46D9-B3BC-31A30CAA9AB7}"
EndProject
Global
	GlobalSection(SolutionConfigurationPlatforms) = preSolution
		Debug|Any CPU = Debug|Any CPU
		Release|Any CPU = Release|Any CPU
	EndGlobalSection
	GlobalSection(ProjectConfigurationPlatforms) = postSolution
		{FDA9B3A7-D94F-4F9E-ABA2-85F81D1A9BEB}.Debug|Any CPU.ActiveCfg = Debug|Any CPU
		{FDA9B3A7-D94F-4F9E-ABA2-85F81D1A9BEB}.Debug|Any CPU.Build.0 = Debug|Any CPU
		{FDA9B3A7-D94F-4F9E-ABA2-85F81D1A9BEB}.Release|Any CPU.ActiveCfg = Release|Any CPU
		{FDA9B3A7-D94F-4F9E-ABA2-85F81D1A9BEB}.Release|Any CPU.Build.0 = Release|Any CPU
		{E2472769-B74C-4E36-AB3A-5963C0862C3A}.Debug|Any CPU.ActiveCfg = Debug|Any CPU
		{E2472769-B74C-4E36-AB3A-5963C0862C3A}.Debug|Any CPU.Build.0 = Debug|Any CPU
		{E2472769-B74C-4E36-AB3A-5963C0862C3A}.Release|Any CPU.ActiveCfg = Release|Any CPU
		{E2472769-B74C-4E36-AB3A-5963C0862C3A}.Release|Any CPU.Build.0 = Release|Any CPU
		{AE721002-3409-4C49-8442-F8076F51C1F3}.Debug|Any CPU.ActiveCfg = Debug|Any CPU
		{AE721002-3409-4C49-8442-F8076F51C1F3}.Debug|Any CPU.Build.0 = Debug|Any CPU
		{AE721002-3409-4C49-8442-F8076F51C1F3}.Release|Any CPU.ActiveCfg = Release|Any CPU
		{AE721002-3409-4C49-8442-F8076F51C1F3}.Release|Any CPU.Build.0 = Release|Any CPU
		{483E32DF-C309-4E22-AC42-7B0B68001781}.Debug|Any CPU.ActiveCfg = Debug|Any CPU
		{483E32DF-C309-4E22-AC42-7B0B68001781}.Debug|Any CPU.Build.0 = Debug|Any CPU
		{483E32DF-C309-4E22-AC42-7B0B68001781}.Release|Any CPU.ActiveCfg = Release|Any CPU
		{483E32DF-C309-4E22-AC42-7B0B68001781}.Release|Any CPU.Build.0 = Release|Any CPU
		{61394B79-209A-4EFC-ABFD-F7B2100F404A}.Debug|Any CPU.ActiveCfg = Debug|Any CPU
		{61394B79-209A-4EFC-ABFD-F7B2100F404A}.Debug|Any CPU.Build.0 = Debug|Any CPU
		{61394B79-209A-4EFC-ABFD-F7B2100F404A}.Release|Any CPU.ActiveCfg = Release|Any CPU
		{61394B79-209A-4EFC-ABFD-F7B2100F404A}.Release|Any CPU.Build.0 = Release|Any CPU
		{FC45D25B-B2D0-48E8-9784-AD9746C614A2}.Debug|Any CPU.ActiveCfg = Debug|Any CPU
		{FC45D25B-B2D0-48E8-9784-AD9746C614A2}.Debug|Any CPU.Build.0 = Debug|Any CPU
		{FC45D25B-B2D0-48E8-9784-AD9746C614A2}.Release|Any CPU.ActiveCfg = Release|Any CPU
		{FC45D25B-B2D0-48E8-9784-AD9746C614A2}.Release|Any CPU.Build.0 = Release|Any CPU
		{08FE9B45-3E16-4964-88B9-035BD72A6C8D}.Debug|Any CPU.ActiveCfg = Debug|Any CPU
		{08FE9B45-3E16-4964-88B9-035BD72A6C8D}.Debug|Any CPU.Build.0 = Debug|Any CPU
		{08FE9B45-3E16-4964-88B9-035BD72A6C8D}.Release|Any CPU.ActiveCfg = Release|Any CPU
		{08FE9B45-3E16-4964-88B9-035BD72A6C8D}.Release|Any CPU.Build.0 = Release|Any CPU
		{0F062BCB-C8C3-4CF3-B1EE-6484AE6399C6}.Debug|Any CPU.ActiveCfg = Debug|Any CPU
		{0F062BCB-C8C3-4CF3-B1EE-6484AE6399C6}.Debug|Any CPU.Build.0 = Debug|Any CPU
		{0F062BCB-C8C3-4CF3-B1EE-6484AE6399C6}.Release|Any CPU.ActiveCfg = Release|Any CPU
		{0F062BCB-C8C3-4CF3-B1EE-6484AE6399C6}.Release|Any CPU.Build.0 = Release|Any CPU
		{C120E6FE-5077-46D9-B3BC-31A30CAA9AB7}.Debug|Any CPU.ActiveCfg = Debug|Any CPU
		{C120E6FE-5077-46D9-B3BC-31A30CAA9AB7}.Debug|Any CPU.Build.0 = Debug|Any CPU
		{C120E6FE-5077-46D9-B3BC-31A30CAA9AB7}.Release|Any CPU.ActiveCfg = Release|Any CPU
		{C120E6FE-5077-46D9-B3BC-31A30CAA9AB7}.Release|Any CPU.Build.0 = Release|Any CPU
	EndGlobalSection
	GlobalSection(NestedProjects) = preSolution
		{FDA9B3A7-D94F-4F9E-ABA2-85F81D1A9BEB} = {B3810A18-A009-4874-BB0C-D2BFCF6A918C}
		{E2472769-B74C-4E36-AB3A-5963C0862C3A} = {B3810A18-A009-4874-BB0C-D2BFCF6A918C}
		{AE721002-3409-4C49-8442-F8076F51C1F3} = {B3810A18-A009-4874-BB0C-D2BFCF6A918C}
		{483E32DF-C309-4E22-AC42-7B0B68001781} = {B3810A18-A009-4874-BB0C-D2BFCF6A918C}
		{61394B79-209A-4EFC-ABFD-F7B2100F404A} = {F1CDF6D8-5625-44B5-A292-41B8BD071BB1}
		{FC45D25B-B2D0-48E8-9784-AD9746C614A2} = {F1CDF6D8-5625-44B5-A292-41B8BD071BB1}
		{08FE9B45-3E16-4964-88B9-035BD72A6C8D} = {F1CDF6D8-5625-44B5-A292-41B8BD071BB1}
		{0F062BCB-C8C3-4CF3-B1EE-6484AE6399C6} = {B3810A18-A009-4874-BB0C-D2BFCF6A918C}
	EndGlobalSection
EndGlobal
